Microsoft Visual Studio Solution File, Format Version 12.00
# Visual Studio Version 17
VisualStudioVersion = 17.5.2.0
MinimumVisualStudioVersion = 10.0.40219.1
Project("{FAE04EC0-301F-11D3-BF4B-00C04F79EFBC}") = "ProjetoWebMVC", "ProjetoWebMVC.csproj", "{903462F6-7193-90B6-61D6-B6240EAB947F}"
EndProject
Global
	GlobalSection(SolutionConfigurationPlatforms) = preSolution
		Debug|Any CPU = Debug|Any CPU
		Release|Any CPU = Release|Any CPU
	EndGlobalSection
	GlobalSection(ProjectConfigurationPlatforms) = postSolution
		{903462F6-7193-90B6-61D6-B6240EAB947F}.Debug|Any CPU.ActiveCfg = Debug|Any CPU
		{903462F6-7193-90B6-61D6-B6240EAB947F}.Debug|Any CPU.Build.0 = Debug|Any CPU
		{903462F6-7193-90B6-61D6-B6240EAB947F}.Release|Any CPU.ActiveCfg = Release|Any CPU
		{903462F6-7193-90B6-61D6-B6240EAB947F}.Release|Any CPU.Build.0 = Release|Any CPU
	EndGlobalSection
	GlobalSection(SolutionProperties) = preSolution
		HideSolutionNode = FALSE
	EndGlobalSection
	GlobalSection(ExtensibilityGlobals) = postSolution
		SolutionGuid = {D7FD8DCC-8CDE-4DB3-A4D8-F3F5332995F8}
	EndGlobalSection
EndGlobal
